{
  "object": {
    "pins": [
      {
        "package": "Kingfisher",
        "repositoryURL": "https://github.com/onevcat/Kingfisher.git",
        "state": {
          "branch": "master",
          "revision": "2277d9e8166cb7ebea3ee7be4c0819f0ca07842e",
          "version": null
        }
      }
    ]
  },
  "version": 1
}
